// !$*UTF8*$!
{
	archiveVersion = 1;
	classes = {
	};
	objectVersion = 46;
	objects = {

/* Begin PBXBuildFile section */
		4F862A7E1A9D3D9000A874E0 /* Foundation.framework in Frameworks */ = {isa = PBXBuildFile; fileRef = 4F862A7D1A9D3D9000A874E0 /* Foundation.framework */; };
		4F862A801A9D3D9000A874E0 /* CoreGraphics.framework in Frameworks */ = {isa = PBXBuildFile; fileRef = 4F862A7F1A9D3D9000A874E0 /* CoreGraphics.framework */; };
		4F862A821A9D3D9000A874E0 /* UIKit.framework in Frameworks */ = {isa = PBXBuildFile; fileRef = 4F862A811A9D3D9000A874E0 /* UIKit.framework */; };
		4F862A881A9D3D9000A874E0 /* InfoPlist.strings in Resources */ = {isa = PBXBuildFile; fileRef = 4F862A861A9D3D9000A874E0 /* InfoPlist.strings */; };
		4F862A8A1A9D3D9000A874E0 /* main.m in Sources */ = {isa = PBXBuildFile; fileRef = 4F862A891A9D3D9000A874E0 /* main.m */; };
		4F862A8E1A9D3D9000A874E0 /* BPAppDelegate.m in Sources */ = {isa = PBXBuildFile; fileRef = 4F862A8D1A9D3D9000A874E0 /* BPAppDelegate.m */; };
		4F862A911A9D3D9000A874E0 /* Main.storyboard in Resources */ = {isa = PBXBuildFile; fileRef = 4F862A8F1A9D3D9000A874E0 /* Main.storyboard */; };
		4F862A941A9D3D9000A874E0 /* BPViewController.m in Sources */ = {isa = PBXBuildFile; fileRef = 4F862A931A9D3D9000A874E0 /* BPViewController.m */; };
		4F862A961A9D3D9000A874E0 /* Images.xcassets in Resources */ = {isa = PBXBuildFile; fileRef = 4F862A951A9D3D9000A874E0 /* Images.xcassets */; };
		4F862A9D1A9D3D9000A874E0 /* XCTest.framework in Frameworks */ = {isa = PBXBuildFile; fileRef = 4F862A9C1A9D3D9000A874E0 /* XCTest.framework */; };
		4F862A9E1A9D3D9000A874E0 /* Foundation.framework in Frameworks */ = {isa = PBXBuildFile; fileRef = 4F862A7D1A9D3D9000A874E0 /* Foundation.framework */; };
		4F862A9F1A9D3D9000A874E0 /* UIKit.framework in Frameworks */ = {isa = PBXBuildFile; fileRef = 4F862A811A9D3D9000A874E0 /* UIKit.framework */; };
		4F862AA71A9D3D9000A874E0 /* InfoPlist.strings in Resources */ = {isa = PBXBuildFile; fileRef = 4F862AA51A9D3D9000A874E0 /* InfoPlist.strings */; };
		4F862AA91A9D3D9000A874E0 /* Git_TestTests.m in Sources */ = {isa = PBXBuildFile; fileRef = 4F862AA81A9D3D9000A874E0 /* Git_TestTests.m */; };
		4F862AB41A9D59EF00A874E0 /* BPTest.m in Sources */ = {isa = PBXBuildFile; fileRef = 4F862AB31A9D59EF00A874E0 /* BPTest.m */; };
/* End PBXBuildFile section */

/* Begin PBXContainerItemProxy section */
		4F862AA01A9D3D9000A874E0 /* PBXContainerItemProxy */ = {
			isa = PBXContainerItemProxy;
			containerPortal = 4F862A721A9D3D9000A874E0 /* Project object */;
			proxyType = 1;
			remoteGlobalIDString = 4F862A791A9D3D9000A874E0;
			remoteInfo = "Git Test";
		};
/* End PBXContainerItemProxy section */

/* Begin PBXFileReference section */
		4F862A7A1A9D3D9000A874E0 /* Git Test.app */ = {isa = PBXFileReference; explicitFileType = wrapper.application; includeInIndex = 0; path = "Git Test.app"; sourceTree = BUILT_PRODUCTS_DIR; };
		4F862A7D1A9D3D9000A874E0 /* Foundation.framework */ = {isa = PBXFileReference; lastKnownFileType = wrapper.framework; name = Foundation.framework; path = System/Library/Frameworks/Foundation.framework; sourceTree = SDKROOT; };
		4F862A7F1A9D3D9000A874E0 /* CoreGraphics.framework */ = {isa = PBXFileReference; lastKnownFileType = wrapper.framework; name = CoreGraphics.framework; path = System/Library/Frameworks/CoreGraphics.framework; sourceTree = SDKROOT; };
		4F862A811A9D3D9000A874E0 /* UIKit.framework */ = {isa = PBXFileReference; lastKnownFileType = wrapper.framework; name = UIKit.framework; path = System/Library/Frameworks/UIKit.framework; sourceTree = SDKROOT; };
		4F862A851A9D3D9000A874E0 /* Git Test-Info.plist */ = {isa = PBXFileReference; lastKnownFileType = text.plist.xml; path = "Git Test-Info.plist"; sourceTree = "<group>"; };
		4F862A871A9D3D9000A874E0 /* en */ = {isa = PBXFileReference; lastKnownFileType = text.plist.strings; name = en; path = en.lproj/InfoPlist.strings; sourceTree = "<group>"; };
		4F862A891A9D3D9000A874E0 /* main.m */ = {isa = PBXFileReference; lastKnownFileType = sourcecode.c.objc; path = main.m; sourceTree = "<group>"; };
		4F862A8B1A9D3D9000A874E0 /* Git Test-Prefix.pch */ = {isa = PBXFileReference; lastKnownFileType = sourcecode.c.h; path = "Git Test-Prefix.pch"; sourceTree = "<group>"; };
		4F862A8C1A9D3D9000A874E0 /* BPAppDelegate.h */ = {isa = PBXFileReference; lastKnownFileType = sourcecode.c.h; path = BPAppDelegate.h; sourceTree = "<group>"; };
		4F862A8D1A9D3D9000A874E0 /* BPAppDelegate.m */ = {isa = PBXFileReference; lastKnownFileType = sourcecode.c.objc; path = BPAppDelegate.m; sourceTree = "<group>"; };
		4F862A901A9D3D9000A874E0 /* Base */ = {isa = PBXFileReference; lastKnownFileType = file.storyboard; name = Base; path = Base.lproj/Main.storyboard; sourceTree = "<group>"; };
		4F862A921A9D3D9000A874E0 /* BPViewController.h */ = {isa = PBXFileReference; lastKnownFileType = sourcecode.c.h; path = BPViewController.h; sourceTree = "<group>"; };
		4F862A931A9D3D9000A874E0 /* BPViewController.m */ = {isa = PBXFileReference; lastKnownFileType = sourcecode.c.objc; path = BPViewController.m; sourceTree = "<group>"; };
		4F862A951A9D3D9000A874E0 /* Images.xcassets */ = {isa = PBXFileReference; lastKnownFileType = folder.assetcatalog; path = Images.xcassets; sourceTree = "<group>"; };
		4F862A9B1A9D3D9000A874E0 /* Git TestTests.xctest */ = {isa = PBXFileReference; explicitFileType = wrapper.cfbundle; includeInIndex = 0; path = "Git TestTests.xctest"; sourceTree = BUILT_PRODUCTS_DIR; };
		4F862A9C1A9D3D9000A874E0 /* XCTest.framework */ = {isa = PBXFileReference; lastKnownFileType = wrapper.framework; name = XCTest.framework; path = Library/Frameworks/XCTest.framework; sourceTree = DEVELOPER_DIR; };
		4F862AA41A9D3D9000A874E0 /* Git TestTests-Info.plist */ = {isa = PBXFileReference; lastKnownFileType = text.plist.xml; path = "Git TestTests-Info.plist"; sourceTree = "<group>"; };
		4F862AA61A9D3D9000A874E0 /* en */ = {isa = PBXFileReference; lastKnownFileType = text.plist.strings; name = en; path = en.lproj/InfoPlist.strings; sourceTree = "<group>"; };
		4F862AA81A9D3D9000A874E0 /* Git_TestTests.m */ = {isa = PBXFileReference; lastKnownFileType = sourcecode.c.objc; path = Git_TestTests.m; sourceTree = "<group>"; };
		4F862AB21A9D59EF00A874E0 /* BPTest.h */ = {isa = PBXFileReference; fileEncoding = 4; lastKnownFileType = sourcecode.c.h; path = BPTest.h; sourceTree = "<group>"; };
		4F862AB31A9D59EF00A874E0 /* BPTest.m */ = {isa = PBXFileReference; fileEncoding = 4; lastKnownFileType = sourcecode.c.objc; path = BPTest.m; sourceTree = "<group>"; };
/* End PBXFileReference section */

/* Begin PBXFrameworksBuildPhase section */
		4F862A771A9D3D9000A874E0 /* Frameworks */ = {
			isa = PBXFrameworksBuildPhase;
			buildActionMask = 2147483647;
			files = (
				4F862A801A9D3D9000A874E0 /* CoreGraphics.framework in Frameworks */,
				4F862A821A9D3D9000A874E0 /* UIKit.framework in Frameworks */,
				4F862A7E1A9D3D9000A874E0 /* Foundation.framework in Frameworks */,
			);
			runOnlyForDeploymentPostprocessing = 0;
		};
		4F862A981A9D3D9000A874E0 /* Frameworks */ = {
			isa = PBXFrameworksBuildPhase;
			buildActionMask = 2147483647;
			files = (
				4F862A9D1A9D3D9000A874E0 /* XCTest.framework in Frameworks */,
				4F862A9F1A9D3D9000A874E0 /* UIKit.framework in Frameworks */,
				4F862A9E1A9D3D9000A874E0 /* Foundation.framework in Frameworks */,
			);
			runOnlyForDeploymentPostprocessing = 0;
		};
/* End PBXFrameworksBuildPhase section */

/* Begin PBXGroup section */
		4F862A711A9D3D9000A874E0 = {
			isa = PBXGroup;
			children = (
				4F862A831A9D3D9000A874E0 /* Git Test */,
				4F862AA21A9D3D9000A874E0 /* Git TestTests */,
				4F862A7C1A9D3D9000A874E0 /* Frameworks */,
				4F862A7B1A9D3D9000A874E0 /* Products */,
			);
			sourceTree = "<group>";
		};
		4F862A7B1A9D3D9000A874E0 /* Products */ = {
			isa = PBXGroup;
			children = (
				4F862A7A1A9D3D9000A874E0 /* Git Test.app */,
				4F862A9B1A9D3D9000A874E0 /* Git TestTests.xctest */,
			);
			name = Products;
			sourceTree = "<group>";
		};
		4F862A7C1A9D3D9000A874E0 /* Frameworks */ = {
			isa = PBXGroup;
			children = (
				4F862A7D1A9D3D9000A874E0 /* Foundation.framework */,
				4F862A7F1A9D3D9000A874E0 /* CoreGraphics.framework */,
				4F862A811A9D3D9000A874E0 /* UIKit.framework */,
				4F862A9C1A9D3D9000A874E0 /* XCTest.framework */,
			);
			name = Frameworks;
			sourceTree = "<group>";
		};
		4F862A831A9D3D9000A874E0 /* Git Test */ = {
			isa = PBXGroup;
			children = (
				4F862A8C1A9D3D9000A874E0 /* BPAppDelegate.h */,
				4F862A8D1A9D3D9000A874E0 /* BPAppDelegate.m */,
				4F862A8F1A9D3D9000A874E0 /* Main.storyboard */,
				4F862A921A9D3D9000A874E0 /* BPViewController.h */,
				4F862A931A9D3D9000A874E0 /* BPViewController.m */,
				4F862AB21A9D59EF00A874E0 /* BPTest.h */,
				4F862AB31A9D59EF00A874E0 /* BPTest.m */,
				4F862A951A9D3D9000A874E0 /* Images.xcassets */,
				4F862A841A9D3D9000A874E0 /* Supporting Files */,
			);
			path = "Git Test";
			sourceTree = "<group>";
		};
		4F862A841A9D3D9000A874E0 /* Supporting Files */ = {
			isa = PBXGroup;
			children = (
				4F862A851A9D3D9000A874E0 /* Git Test-Info.plist */,
				4F862A861A9D3D9000A874E0 /* InfoPlist.strings */,
				4F862A891A9D3D9000A874E0 /* main.m */,
				4F862A8B1A9D3D9000A874E0 /* Git Test-Prefix.pch */,
			);
			name = "Supporting Files";
			sourceTree = "<group>";
		};
		4F862AA21A9D3D9000A874E0 /* Git TestTests */ = {
			isa = PBXGroup;
			children = (
				4F862AA81A9D3D9000A874E0 /* Git_TestTests.m */,
				4F862AA31A9D3D9000A874E0 /* Supporting Files */,
			);
			path = "Git TestTests";
			sourceTree = "<group>";
		};
		4F862AA31A9D3D9000A874E0 /* Supporting Files */ = {
			isa = PBXGroup;
			children = (
				4F862AA41A9D3D9000A874E0 /* Git TestTests-Info.plist */,
				4F862AA51A9D3D9000A874E0 /* InfoPlist.strings */,
			);
			name = "Supporting Files";
			sourceTree = "<group>";
		};
/* End PBXGroup section */

/* Begin PBXNativeTarget section */
		4F862A791A9D3D9000A874E0 /* Git Test */ = {
			isa = PBXNativeTarget;
			buildConfigurationList = 4F862AAC1A9D3D9000A874E0 /* Build configuration list for PBXNativeTarget "Git Test" */;
			buildPhases = (
				4F862A761A9D3D9000A874E0 /* Sources */,
				4F862A771A9D3D9000A874E0 /* Frameworks */,
				4F862A781A9D3D9000A874E0 /* Resources */,
			);
			buildRules = (
			);
			dependencies = (
			);
			name = "Git Test";
			productName = "Git Test";
			productReference = 4F862A7A1A9D3D9000A874E0 /* Git Test.app */;
			productType = "com.apple.product-type.application";
		};
		4F862A9A1A9D3D9000A874E0 /* Git TestTests */ = {
			isa = PBXNativeTarget;
			buildConfigurationList = 4F862AAF1A9D3D9000A874E0 /* Build configuration list for PBXNativeTarget "Git TestTests" */;
			buildPhases = (
				4F862A971A9D3D9000A874E0 /* Sources */,
				4F862A981A9D3D9000A874E0 /* Frameworks */,
				4F862A991A9D3D9000A874E0 /* Resources */,
			);
			buildRules = (
			);
			dependencies = (
				4F862AA11A9D3D9000A874E0 /* PBXTargetDependency */,
			);
			name = "Git TestTests";
			productName = "Git TestTests";
			productReference = 4F862A9B1A9D3D9000A874E0 /* Git TestTests.xctest */;
			productType = "com.apple.product-type.bundle.unit-test";
		};
/* End PBXNativeTarget section */

/* Begin PBXProject section */
		4F862A721A9D3D9000A874E0 /* Project object */ = {
			isa = PBXProject;
			attributes = {
				CLASSPREFIX = BP;
				LastUpgradeCheck = 0510;
				TargetAttributes = {
					4F862A9A1A9D3D9000A874E0 = {
						TestTargetID = 4F862A791A9D3D9000A874E0;
					};
				};
			};
			buildConfigurationList = 4F862A751A9D3D9000A874E0 /* Build configuration list for PBXProject "Git Test" */;
			compatibilityVersion = "Xcode 3.2";
			developmentRegion = English;
			hasScannedForEncodings = 0;
			knownRegions = (
				en,
				Base,
			);
			mainGroup = 4F862A711A9D3D9000A874E0;
			productRefGroup = 4F862A7B1A9D3D9000A874E0 /* Products */;
			projectDirPath = "";
			projectRoot = "";
			targets = (
				4F862A791A9D3D9000A874E0 /* Git Test */,
				4F862A9A1A9D3D9000A874E0 /* Git TestTests */,
			);
		};
/* End PBXProject section */

/* Begin PBXResourcesBuildPhase section */
		4F862A781A9D3D9000A874E0 /* Resources */ = {
			isa = PBXResourcesBuildPhase;
			buildActionMask = 2147483647;
			files = (
				4F862A961A9D3D9000A874E0 /* Images.xcassets in Resources */,
				4F862A881A9D3D9000A874E0 /* InfoPlist.strings in Resources */,
				4F862A911A9D3D9000A874E0 /* Main.storyboard in Resources */,
			);
			runOnlyForDeploymentPostprocessing = 0;
		};
		4F862A991A9D3D9000A874E0 /* Resources */ = {
			isa = PBXResourcesBuildPhase;
			buildActionMask = 2147483647;
			files = (
				4F862AA71A9D3D9000A874E0 /* InfoPlist.strings in Resources */,
			);
			runOnlyForDeploymentPostprocessing = 0;
		};
/* End PBXResourcesBuildPhase section */

/* Begin PBXSourcesBuildPhase section */
		4F862A761A9D3D9000A874E0 /* Sources */ = {
			isa = PBXSourcesBuildPhase;
			buildActionMask = 2147483647;
			files = (
				4F862A941A9D3D9000A874E0 /* BPViewController.m in Sources */,
				4F862AB41A9D59EF00A874E0 /* BPTest.m in Sources */,
				4F862A8E1A9D3D9000A874E0 /* BPAppDelegate.m in Sources */,
				4F862A8A1A9D3D9000A874E0 /* main.m in Sources */,
			);
			runOnlyForDeploymentPostprocessing = 0;
		};
		4F862A971A9D3D9000A874E0 /* Sources */ = {
			isa = PBXSourcesBuildPhase;
			buildActionMask = 2147483647;
			files = (
				4F862AA91A9D3D9000A874E0 /* Git_TestTests.m in Sources */,
			);
			runOnlyForDeploymentPostprocessing = 0;
		};
/* End PBXSourcesBuildPhase section */

/* Begin PBXTargetDependency section */
		4F862AA11A9D3D9000A874E0 /* PBXTargetDependency */ = {
			isa = PBXTargetDependency;
			target = 4F862A791A9D3D9000A874E0 /* Git Test */;
			targetProxy = 4F862AA01A9D3D9000A874E0 /* PBXContainerItemProxy */;
		};
/* End PBXTargetDependency section */

/* Begin PBXVariantGroup section */
		4F862A861A9D3D9000A874E0 /* InfoPlist.strings */ = {
			isa = PBXVariantGroup;
			children = (
				4F862A871A9D3D9000A874E0 /* en */,
			);
			name = InfoPlist.strings;
			sourceTree = "<group>";
		};
		4F862A8F1A9D3D9000A874E0 /* Main.storyboard */ = {
			isa = PBXVariantGroup;
			children = (
				4F862A901A9D3D9000A874E0 /* Base */,
			);
			name = Main.storyboard;
			sourceTree = "<group>";
		};
		4F862AA51A9D3D9000A874E0 /* InfoPlist.strings */ = {
			isa = PBXVariantGroup;
			children = (
				4F862AA61A9D3D9000A874E0 /* en */,
			);
			name = InfoPlist.strings;
			sourceTree = "<group>";
		};
/* End PBXVariantGroup section */

/* Begin XCBuildConfiguration section */
		4F862AAA1A9D3D9000A874E0 /* Debug */ = {
			isa = XCBuildConfiguration;
			buildSettings = {
				ALWAYS_SEARCH_USER_PATHS = NO;
				CLANG_CXX_LANGUAGE_STANDARD = "gnu++0x";
				CLANG_CXX_LIBRARY = "libc++";
				CLANG_ENABLE_MODULES = YES;
				CLANG_ENABLE_OBJC_ARC = YES;
				CLANG_WARN_BOOL_CONVERSION = YES;
				CLANG_WARN_CONSTANT_CONVERSION = YES;
				CLANG_WARN_DIRECT_OBJC_ISA_USAGE = YES_ERROR;
				CLANG_WARN_EMPTY_BODY = YES;
				CLANG_WARN_ENUM_CONVERSION = YES;
				CLANG_WARN_INT_CONVERSION = YES;
				CLANG_WARN_OBJC_ROOT_CLASS = YES_ERROR;
				CLANG_WARN__DUPLICATE_METHOD_MATCH = YES;
				"CODE_SIGN_IDENTITY[sdk=iphoneos*]" = "iPhone Developer";
				COPY_PHASE_STRIP = NO;
				GCC_C_LANGUAGE_STANDARD = gnu99;
				GCC_DYNAMIC_NO_PIC = NO;
				GCC_OPTIMIZATION_LEVEL = 0;
				GCC_PREPROCESSOR_DEFINITIONS = (
					"DEBUG=1",
					"$(inherited)",
				);
				GCC_SYMBOLS_PRIVATE_EXTERN = NO;
				GCC_WARN_64_TO_32_BIT_CONVERSION = YES;
				GCC_WARN_ABOUT_RETURN_TYPE = YES_ERROR;
				GCC_WARN_UNDECLARED_SELECTOR = YES;
				GCC_WARN_UNINITIALIZED_AUTOS = YES_AGGRESSIVE;
				GCC_WARN_UNUSED_FUNCTION = YES;
				GCC_WARN_UNUSED_VARIABLE = YES;
				IPHONEOS_DEPLOYMENT_TARGET = 7.1;
				ONLY_ACTIVE_ARCH = YES;
				SDKROOT = iphoneos;
			};
			name = Debug;
		};
		4F862AAB1A9D3D9000A874E0 /* Release */ = {
			isa = XCBuildConfiguration;
			buildSettings = {
				ALWAYS_SEARCH_USER_PATHS = NO;
				CLANG_CXX_LANGUAGE_STANDARD = "gnu++0x";
				CLANG_CXX_LIBRARY = "libc++";
				CLANG_ENABLE_MODULES = YES;
				CLANG_ENABLE_OBJC_ARC = YES;
				CLANG_WARN_BOOL_CONVERSION = YES;
				CLANG_WARN_CONSTANT_CONVERSION = YES;
				CLANG_WARN_DIRECT_OBJC_ISA_USAGE = YES_ERROR;
				CLANG_WARN_EMPTY_BODY = YES;
				CLANG_WARN_ENUM_CONVERSION = YES;
				CLANG_WARN_INT_CONVERSION = YES;
				CLANG_WARN_OBJC_ROOT_CLASS = YES_ERROR;
				CLANG_WARN__DUPLICATE_METHOD_MATCH = YES;
				"CODE_SIGN_IDENTITY[sdk=iphoneos*]" = "iPhone Developer";
				COPY_PHASE_STRIP = YES;
				ENABLE_NS_ASSERTIONS = NO;
				GCC_C_LANGUAGE_STANDARD = gnu99;
				GCC_WARN_64_TO_32_BIT_CONVERSION = YES;
				GCC_WARN_ABOUT_RETURN_TYPE = YES_ERROR;
				GCC_WARN_UNDECLARED_SELECTOR = YES;
				GCC_WARN_UNINITIALIZED_AUTOS = YES_AGGRESSIVE;
				GCC_WARN_UNUSED_FUNCTION = YES;
				GCC_WARN_UNUSED_VARIABLE = YES;
				IPHONEOS_DEPLOYMENT_TARGET = 7.1;
				SDKROOT = iphoneos;
				VALIDATE_PRODUCT = YES;
			};
			name = Release;
		};
		4F862AAD1A9D3D9000A874E0 /* Debug */ = {
			isa = XCBuildConfiguration;
			buildSettings = {
				ASSETCATALOG_COMPILER_APPICON_NAME = AppIcon;
				ASSETCATALOG_COMPILER_LAUNCHIMAGE_NAME = LaunchImage;
				GCC_PRECOMPILE_PREFIX_HEADER = YES;
				GCC_PREFIX_HEADER = "Git Test/Git Test-Prefix.pch";
				INFOPLIST_FILE = "Git Test/Git Test-Info.plist";
				PRODUCT_NAME = "$(TARGET_NAME)";
				WRAPPER_EXTENSION = app;
			};
			name = Debug;
		};
		4F862AAE1A9D3D9000A874E0 /* Release */ = {
			isa = XCBuildConfiguration;
			buildSettings = {
				ASSETCATALOG_COMPILER_APPICON_NAME = AppIcon;
				ASSETCATALOG_COMPILER_LAUNCHIMAGE_NAME = LaunchImage;
				GCC_PRECOMPILE_PREFIX_HEADER = YES;
				GCC_PREFIX_HEADER = "Git Test/Git Test-Prefix.pch";
				INFOPLIST_FILE = "Git Test/Git Test-Info.plist";
				PRODUCT_NAME = "$(TARGET_NAME)";
				WRAPPER_EXTENSION = app;
			};
			name = Release;
		};
		4F862AB01A9D3D9000A874E0 /* Debug */ = {
			isa = XCBuildConfiguration;
			buildSettings = {
				BUNDLE_LOADER = "$(BUILT_PRODUCTS_DIR)/Git Test.app/Git Test";
				FRAMEWORK_SEARCH_PATHS = (
					"$(SDKROOT)/Developer/Library/Frameworks",
					"$(inherited)",
					"$(DEVELOPER_FRAMEWORKS_DIR)",
				);
				GCC_PRECOMPILE_PREFIX_HEADER = YES;
				GCC_PREFIX_HEADER = "Git Test/Git Test-Prefix.pch";
				GCC_PREPROCESSOR_DEFINITIONS = (
					"DEBUG=1",
					"$(inherited)",
				);
				INFOPLIST_FILE = "Git TestTests/Git TestTests-Info.plist";
				PRODUCT_NAME = "$(TARGET_NAME)";
				TEST_HOST = "$(BUNDLE_LOADER)";
				WRAPPER_EXTENSION = xctest;
			};
			name = Debug;
		};
		4F862AB11A9D3D9000A874E0 /* Release */ = {
			isa = XCBuildConfiguration;
			buildSettings = {
				BUNDLE_LOADER = "$(BUILT_PRODUCTS_DIR)/Git Test.app/Git Test";
				FRAMEWORK_SEARCH_PATHS = (
					"$(SDKROOT)/Developer/Library/Frameworks",
					"$(inherited)",
					"$(DEVELOPER_FRAMEWORKS_DIR)",
				);
				GCC_PRECOMPILE_PREFIX_HEADER = YES;
				GCC_PREFIX_HEADER = "Git Test/Git Test-Prefix.pch";
				INFOPLIST_FILE = "Git TestTests/Git TestTests-Info.plist";
				PRODUCT_NAME = "$(TARGET_NAME)";
				TEST_HOST = "$(BUNDLE_LOADER)";
				WRAPPER_EXTENSION = xctest;
			};
			name = Release;
		};
/* End XCBuildConfiguration section */

/* Begin XCConfigurationList section */
		4F862A751A9D3D9000A874E0 /* Build configuration list for PBXProject "Git Test" */ = {
			isa = XCConfigurationList;
			buildConfigurations = (
				4F862AAA1A9D3D9000A874E0 /* Debug */,
				4F862AAB1A9D3D9000A874E0 /* Release */,
			);
			defaultConfigurationIsVisible = 0;
			defaultConfigurationName = Release;
		};
		4F862AAC1A9D3D9000A874E0 /* Build configuration list for PBXNativeTarget "Git Test" */ = {
			isa = XCConfigurationList;
			buildConfigurations = (
				4F862AAD1A9D3D9000A874E0 /* Debug */,
				4F862AAE1A9D3D9000A874E0 /* Release */,
			);
			defaultConfigurationIsVisible = 0;
		};
		4F862AAF1A9D3D9000A874E0 /* Build configuration list for PBXNativeTarget "Git TestTests" */ = {
			isa = XCConfigurationList;
			buildConfigurations = (
				4F862AB01A9D3D9000A874E0 /* Debug */,
				4F862AB11A9D3D9000A874E0 /* Release */,
			);
			defaultConfigurationIsVisible = 0;
		};
/* End XCConfigurationList section */
	};
	rootObject = 4F862A721A9D3D9000A874E0 /* Project object */;
}
